// !$*UTF8*$!
{
	archiveVersion = 1;
	classes = {
	};
	objectVersion = 50;
	objects = {

/* Begin PBXBuildFile section */
		B008C90493A59E13A159795C /* Pods_NYTAPITask.framework in Frameworks */ = {isa = PBXBuildFile; fileRef = DF1172389D054BB9949654FA /* Pods_NYTAPITask.framework */; };
		CC6D6D6E225749EE0041ACC2 /* AppDelegate.swift in Sources */ = {isa = PBXBuildFile; fileRef = CC6D6D6D225749EE0041ACC2 /* AppDelegate.swift */; };
		CC6D6D70225749EE0041ACC2 /* ViewController.swift in Sources */ = {isa = PBXBuildFile; fileRef = CC6D6D6F225749EE0041ACC2 /* ViewController.swift */; };
		CC6D6D73225749EE0041ACC2 /* Main.storyboard in Resources */ = {isa = PBXBuildFile; fileRef = CC6D6D71225749EE0041ACC2 /* Main.storyboard */; };
		CC6D6D75225749F00041ACC2 /* Assets.xcassets in Resources */ = {isa = PBXBuildFile; fileRef = CC6D6D74225749F00041ACC2 /* Assets.xcassets */; };
		CC6D6D78225749F00041ACC2 /* LaunchScreen.storyboard in Resources */ = {isa = PBXBuildFile; fileRef = CC6D6D76225749F00041ACC2 /* LaunchScreen.storyboard */; };
		CC6D6D8A225763F20041ACC2 /* Results.swift in Sources */ = {isa = PBXBuildFile; fileRef = CC6D6D89225763F20041ACC2 /* Results.swift */; };
		CCC2462A2257E39700CC4354 /* TableViewCell.swift in Sources */ = {isa = PBXBuildFile; fileRef = CCC246282257E39700CC4354 /* TableViewCell.swift */; };
/* End PBXBuildFile section */

/* Begin PBXFileReference section */
		B8D2F539581C9C3A5F232DD6 /* Pods-NYTAPITask.release.xcconfig */ = {isa = PBXFileReference; includeInIndex = 1; lastKnownFileType = text.xcconfig; name = "Pods-NYTAPITask.release.xcconfig"; path = "Pods/Target Support Files/Pods-NYTAPITask/Pods-NYTAPITask.release.xcconfig"; sourceTree = "<group>"; };
		CC6D6D6A225749EE0041ACC2 /* NYTAPITask.app */ = {isa = PBXFileReference; explicitFileType = wrapper.application; includeInIndex = 0; path = NYTAPITask.app; sourceTree = BUILT_PRODUCTS_DIR; };
		CC6D6D6D225749EE0041ACC2 /* AppDelegate.swift */ = {isa = PBXFileReference; lastKnownFileType = sourcecode.swift; path = AppDelegate.swift; sourceTree = "<group>"; };
		CC6D6D6F225749EE0041ACC2 /* ViewController.swift */ = {isa = PBXFileReference; lastKnownFileType = sourcecode.swift; path = ViewController.swift; sourceTree = "<group>"; };
		CC6D6D72225749EE0041ACC2 /* Base */ = {isa = PBXFileReference; lastKnownFileType = file.storyboard; name = Base; path = Base.lproj/Main.storyboard; sourceTree = "<group>"; };
		CC6D6D74225749F00041ACC2 /* Assets.xcassets */ = {isa = PBXFileReference; lastKnownFileType = folder.assetcatalog; path = Assets.xcassets; sourceTree = "<group>"; };
		CC6D6D77225749F00041ACC2 /* Base */ = {isa = PBXFileReference; lastKnownFileType = file.storyboard; name = Base; path = Base.lproj/LaunchScreen.storyboard; sourceTree = "<group>"; };
		CC6D6D79225749F00041ACC2 /* Info.plist */ = {isa = PBXFileReference; lastKnownFileType = text.plist.xml; path = Info.plist; sourceTree = "<group>"; };
		CC6D6D89225763F20041ACC2 /* Results.swift */ = {isa = PBXFileReference; lastKnownFileType = sourcecode.swift; path = Results.swift; sourceTree = "<group>"; };
		CCC246282257E39700CC4354 /* TableViewCell.swift */ = {isa = PBXFileReference; lastKnownFileType = sourcecode.swift; path = TableViewCell.swift; sourceTree = "<group>"; };
		DF1172389D054BB9949654FA /* Pods_NYTAPITask.framework */ = {isa = PBXFileReference; explicitFileType = wrapper.framework; includeInIndex = 0; path = Pods_NYTAPITask.framework; sourceTree = BUILT_PRODUCTS_DIR; };
		E62354E05B48B66C513BC4D8 /* Pods-NYTAPITask.debug.xcconfig */ = {isa = PBXFileReference; includeInIndex = 1; lastKnownFileType = text.xcconfig; name = "Pods-NYTAPITask.debug.xcconfig"; path = "Pods/Target Support Files/Pods-NYTAPITask/Pods-NYTAPITask.debug.xcconfig"; sourceTree = "<group>"; };
/* End PBXFileReference section */

/* Begin PBXFrameworksBuildPhase section */
		CC6D6D67225749EE0041ACC2 /* Frameworks */ = {
			isa = PBXFrameworksBuildPhase;
			buildActionMask = 2147483647;
			files = (
				B008C90493A59E13A159795C /* Pods_NYTAPITask.framework in Frameworks */,
			);
			runOnlyForDeploymentPostprocessing = 0;
		};
/* End PBXFrameworksBuildPhase section */

/* Begin PBXGroup section */
		0E103359A476E17B6A245C92 /* Frameworks */ = {
			isa = PBXGroup;
			children = (
				DF1172389D054BB9949654FA /* Pods_NYTAPITask.framework */,
			);
			name = Frameworks;
			sourceTree = "<group>";
		};
		309A0CFDCC5FE2A33F782176 /* Pods */ = {
			isa = PBXGroup;
			children = (
				E62354E05B48B66C513BC4D8 /* Pods-NYTAPITask.debug.xcconfig */,
				B8D2F539581C9C3A5F232DD6 /* Pods-NYTAPITask.release.xcconfig */,
			);
			name = Pods;
			sourceTree = "<group>";
		};
		CC6D6D61225749EE0041ACC2 = {
			isa = PBXGroup;
			children = (
				CC6D6D6C225749EE0041ACC2 /* NYTAPITask */,
				CC6D6D6B225749EE0041ACC2 /* Products */,
				309A0CFDCC5FE2A33F782176 /* Pods */,
				0E103359A476E17B6A245C92 /* Frameworks */,
			);
			sourceTree = "<group>";
		};
		CC6D6D6B225749EE0041ACC2 /* Products */ = {
			isa = PBXGroup;
			children = (
				CC6D6D6A225749EE0041ACC2 /* NYTAPITask.app */,
			);
			name = Products;
			sourceTree = "<group>";
		};
		CC6D6D6C225749EE0041ACC2 /* NYTAPITask */ = {
			isa = PBXGroup;
			children = (
				CC6D6D6D225749EE0041ACC2 /* AppDelegate.swift */,
				CCC246242257B56700CC4354 /* Model */,
				CCC246252257B57100CC4354 /* Controller */,
				CCC246262257B58500CC4354 /* View */,
				CCC246272257B58D00CC4354 /* Support Files */,
				CC6D6D74225749F00041ACC2 /* Assets.xcassets */,
				CC6D6D79225749F00041ACC2 /* Info.plist */,
			);
			path = NYTAPITask;
			sourceTree = "<group>";
		};
		CCC246242257B56700CC4354 /* Model */ = {
			isa = PBXGroup;
			children = (
				CC6D6D89225763F20041ACC2 /* Results.swift */,
			);
			path = Model;
			sourceTree = "<group>";
		};
		CCC246252257B57100CC4354 /* Controller */ = {
			isa = PBXGroup;
			children = (
				CC6D6D6F225749EE0041ACC2 /* ViewController.swift */,
			);
			path = Controller;
			sourceTree = "<group>";
		};
		CCC246262257B58500CC4354 /* View */ = {
			isa = PBXGroup;
			children = (
				CC6D6D76225749F00041ACC2 /* LaunchScreen.storyboard */,
				CC6D6D71225749EE0041ACC2 /* Main.storyboard */,
			);
			path = View;
			sourceTree = "<group>";
		};
		CCC246272257B58D00CC4354 /* Support Files */ = {
			isa = PBXGroup;
			children = (
				CCC246282257E39700CC4354 /* TableViewCell.swift */,
			);
			path = "Support Files";
			sourceTree = "<group>";
		};
/* End PBXGroup section */

/* Begin PBXNativeTarget section */
		CC6D6D69225749EE0041ACC2 /* NYTAPITask */ = {
			isa = PBXNativeTarget;
			buildConfigurationList = CC6D6D7C225749F00041ACC2 /* Build configuration list for PBXNativeTarget "NYTAPITask" */;
			buildPhases = (
				1243A43E9E78A811DD94C8C3 /* [CP] Check Pods Manifest.lock */,
				CC6D6D66225749EE0041ACC2 /* Sources */,
				CC6D6D67225749EE0041ACC2 /* Frameworks */,
				CC6D6D68225749EE0041ACC2 /* Resources */,
				83338DE8C0F9F293CE97CB76 /* [CP] Embed Pods Frameworks */,
			);
			buildRules = (
			);
			dependencies = (
			);
			name = NYTAPITask;
			productName = NYTAPITask;
			productReference = CC6D6D6A225749EE0041ACC2 /* NYTAPITask.app */;
			productType = "com.apple.product-type.application";
		};
/* End PBXNativeTarget section */

/* Begin PBXProject section */
		CC6D6D62225749EE0041ACC2 /* Project object */ = {
			isa = PBXProject;
			attributes = {
				LastSwiftUpdateCheck = 1020;
				LastUpgradeCheck = 1020;
				ORGANIZATIONNAME = "Nikhil Patil";
				TargetAttributes = {
					CC6D6D69225749EE0041ACC2 = {
						CreatedOnToolsVersion = 10.2;
					};
				};
			};
			buildConfigurationList = CC6D6D65225749EE0041ACC2 /* Build configuration list for PBXProject "NYTAPITask" */;
			compatibilityVersion = "Xcode 9.3";
			developmentRegion = en;
			hasScannedForEncodings = 0;
			knownRegions = (
				en,
				Base,
			);
			mainGroup = CC6D6D61225749EE0041ACC2;
			productRefGroup = CC6D6D6B225749EE0041ACC2 /* Products */;
			projectDirPath = "";
			projectRoot = "";
			targets = (
				CC6D6D69225749EE0041ACC2 /* NYTAPITask */,
			);
		};
/* End PBXProject section */

/* Begin PBXResourcesBuildPhase section */
		CC6D6D68225749EE0041ACC2 /* Resources */ = {
			isa = PBXResourcesBuildPhase;
			buildActionMask = 2147483647;
			files = (
				CC6D6D78225749F00041ACC2 /* LaunchScreen.storyboard in Resources */,
				CC6D6D75225749F00041ACC2 /* Assets.xcassets in Resources */,
				CC6D6D73225749EE0041ACC2 /* Main.storyboard in Resources */,
			);
			runOnlyForDeploymentPostprocessing = 0;
		};
/* End PBXResourcesBuildPhase section */

/* Begin PBXShellScriptBuildPhase section */
		1243A43E9E78A811DD94C8C3 /* [CP] Check Pods Manifest.lock */ = {
			isa = PBXShellScriptBuildPhase;
			buildActionMask = 2147483647;
			files = (
			);
			inputFileListPaths = (
			);
			inputPaths = (
				"${PODS_PODFILE_DIR_PATH}/Podfile.lock",
				"${PODS_ROOT}/Manifest.lock",
			);
			name = "[CP] Check Pods Manifest.lock";
			outputFileListPaths = (
			);
			outputPaths = (
				"$(DERIVED_FILE_DIR)/Pods-NYTAPITask-checkManifestLockResult.txt",
			);
			runOnlyForDeploymentPostprocessing = 0;
			shellPath = /bin/sh;
			shellScript = "diff \"${PODS_PODFILE_DIR_PATH}/Podfile.lock\" \"${PODS_ROOT}/Manifest.lock\" > /dev/null\nif [ $? != 0 ] ; then\n    # print error to STDERR\n    echo \"error: The sandbox is not in sync with the Podfile.lock. Run 'pod install' or update your CocoaPods installation.\" >&2\n    exit 1\nfi\n# This output is used by Xcode 'outputs' to avoid re-running this script phase.\necho \"SUCCESS\" > \"${SCRIPT_OUTPUT_FILE_0}\"\n";
			showEnvVarsInLog = 0;
		};
		83338DE8C0F9F293CE97CB76 /* [CP] Embed Pods Frameworks */ = {
			isa = PBXShellScriptBuildPhase;
			buildActionMask = 2147483647;
			files = (
			);
			inputFileListPaths = (
			);
			inputPaths = (
				"${SRCROOT}/Pods/Target Support Files/Pods-NYTAPITask/Pods-NYTAPITask-frameworks.sh",
				"${BUILT_PRODUCTS_DIR}/SDWebImage/SDWebImage.framework",
			);
			name = "[CP] Embed Pods Frameworks";
			outputFileListPaths = (
			);
			outputPaths = (
				"${TARGET_BUILD_DIR}/${FRAMEWORKS_FOLDER_PATH}/SDWebImage.framework",
			);
			runOnlyForDeploymentPostprocessing = 0;
			shellPath = /bin/sh;
			shellScript = "\"${SRCROOT}/Pods/Target Support Files/Pods-NYTAPITask/Pods-NYTAPITask-frameworks.sh\"\n";
			showEnvVarsInLog = 0;
		};
/* End PBXShellScriptBuildPhase section */

/* Begin PBXSourcesBuildPhase section */
		CC6D6D66225749EE0041ACC2 /* Sources */ = {
			isa = PBXSourcesBuildPhase;
			buildActionMask = 2147483647;
			files = (
				CC6D6D8A225763F20041ACC2 /* Results.swift in Sources */,
				CCC2462A2257E39700CC4354 /* TableViewCell.swift in Sources */,
				CC6D6D70225749EE0041ACC2 /* ViewController.swift in Sources */,
				CC6D6D6E225749EE0041ACC2 /* AppDelegate.swift in Sources */,
			);
			runOnlyForDeploymentPostprocessing = 0;
		};
/* End PBXSourcesBuildPhase section */

/* Begin PBXVariantGroup section */
		CC6D6D71225749EE0041ACC2 /* Main.storyboard */ = {
			isa = PBXVariantGroup;
			children = (
				CC6D6D72225749EE0041ACC2 /* Base */,
			);
			name = Main.storyboard;
			sourceTree = "<group>";
		};
		CC6D6D76225749F00041ACC2 /* LaunchScreen.storyboard */ = {
			isa = PBXVariantGroup;
			children = (
				CC6D6D77225749F00041ACC2 /* Base */,
			);
			name = LaunchScreen.storyboard;
			sourceTree = "<group>";
		};
/* End PBXVariantGroup section */

/* Begin XCBuildConfiguration section */
		CC6D6D7A225749F00041ACC2 /* Debug */ = {
			isa = XCBuildConfiguration;
			buildSettings = {
				ALWAYS_SEARCH_USER_PATHS = NO;
				CLANG_ANALYZER_NONNULL = YES;
				CLANG_ANALYZER_NUMBER_OBJECT_CONVERSION = YES_AGGRESSIVE;
				CLANG_CXX_LANGUAGE_STANDARD = "gnu++14";
				CLANG_CXX_LIBRARY = "libc++";
				CLANG_ENABLE_MODULES = YES;
				CLANG_ENABLE_OBJC_ARC = YES;
				CLANG_ENABLE_OBJC_WEAK = YES;
				CLANG_WARN_BLOCK_CAPTURE_AUTORELEASING = YES;
				CLANG_WARN_BOOL_CONVERSION = YES;
				CLANG_WARN_COMMA = YES;
				CLANG_WARN_CONSTANT_CONVERSION = YES;
				CLANG_WARN_DEPRECATED_OBJC_IMPLEMENTATIONS = YES;
				CLANG_WARN_DIRECT_OBJC_ISA_USAGE = YES_ERROR;
				CLANG_WARN_DOCUMENTATION_COMMENTS = YES;
				CLANG_WARN_EMPTY_BODY = YES;
				CLANG_WARN_ENUM_CONVERSION = YES;
				CLANG_WARN_INFINITE_RECURSION = YES;
				CLANG_WARN_INT_CONVERSION = YES;
				CLANG_WARN_NON_LITERAL_NULL_CONVERSION = YES;
				CLANG_WARN_OBJC_IMPLICIT_RETAIN_SELF = YES;
				CLANG_WARN_OBJC_LITERAL_CONVERSION = YES;
				CLANG_WARN_OBJC_ROOT_CLASS = YES_ERROR;
				CLANG_WARN_RANGE_LOOP_ANALYSIS = YES;
				CLANG_WARN_STRICT_PROTOTYPES = YES;
				CLANG_WARN_SUSPICIOUS_MOVE = YES;
				CLANG_WARN_UNGUARDED_AVAILABILITY = YES_AGGRESSIVE;
				CLANG_WARN_UNREACHABLE_CODE = YES;
				CLANG_WARN__DUPLICATE_METHOD_MATCH = YES;
				CODE_SIGN_IDENTITY = "iPhone Developer";
				COPY_PHASE_STRIP = NO;
				DEBUG_INFORMATION_FORMAT = dwarf;
				ENABLE_STRICT_OBJC_MSGSEND = YES;
				ENABLE_TESTABILITY = YES;
				GCC_C_LANGUAGE_STANDARD = gnu11;
				GCC_DYNAMIC_NO_PIC = NO;
				GCC_NO_COMMON_BLOCKS = YES;
				GCC_OPTIMIZATION_LEVEL = 0;
				GCC_PREPROCESSOR_DEFINITIONS = (
					"DEBUG=1",
					"$(inherited)",
				);
				GCC_WARN_64_TO_32_BIT_CONVERSION = YES;
				GCC_WARN_ABOUT_RETURN_TYPE = YES_ERROR;
				GCC_WARN_UNDECLARED_SELECTOR = YES;
				GCC_WARN_UNINITIALIZED_AUTOS = YES_AGGRESSIVE;
				GCC_WARN_UNUSED_FUNCTION = YES;
				GCC_WARN_UNUSED_VARIABLE = YES;
				IPHONEOS_DEPLOYMENT_TARGET = 12.2;
				MTL_ENABLE_DEBUG_INFO = INCLUDE_SOURCE;
				MTL_FAST_MATH = YES;
				ONLY_ACTIVE_ARCH = YES;
				SDKROOT = iphoneos;
				SWIFT_ACTIVE_COMPILATION_CONDITIONS = DEBUG;
				SWIFT_OPTIMIZATION_LEVEL = "-Onone";
			};
			name = Debug;
		};
		CC6D6D7B225749F00041ACC2 /* Release */ = {
			isa = XCBuildConfiguration;
			buildSettings = {
				ALWAYS_SEARCH_USER_PATHS = NO;
				CLANG_ANALYZER_NONNULL = YES;
				CLANG_ANALYZER_NUMBER_OBJECT_CONVERSION = YES_AGGRESSIVE;
				CLANG_CXX_LANGUAGE_STANDARD = "gnu++14";
				CLANG_CXX_LIBRARY = "libc++";
				CLANG_ENABLE_MODULES = YES;
				CLANG_ENABLE_OBJC_ARC = YES;
				CLANG_ENABLE_OBJC_WEAK = YES;
				CLANG_WARN_BLOCK_CAPTURE_AUTORELEASING = YES;
				CLANG_WARN_BOOL_CONVERSION = YES;
				CLANG_WARN_COMMA = YES;
				CLANG_WARN_CONSTANT_CONVERSION = YES;
				CLANG_WARN_DEPRECATED_OBJC_IMPLEMENTATIONS = YES;
				CLANG_WARN_DIRECT_OBJC_ISA_USAGE = YES_ERROR;
				CLANG_WARN_DOCUMENTATION_COMMENTS = YES;
				CLANG_WARN_EMPTY_BODY = YES;
				CLANG_WARN_ENUM_CONVERSION = YES;
				CLANG_WARN_INFINITE_RECURSION = YES;
				CLANG_WARN_INT_CONVERSION = YES;
				CLANG_WARN_NON_LITERAL_NULL_CONVERSION = YES;
				CLANG_WARN_OBJC_IMPLICIT_RETAIN_SELF = YES;
				CLANG_WARN_OBJC_LITERAL_CONVERSION = YES;
				CLANG_WARN_OBJC_ROOT_CLASS = YES_ERROR;
				CLANG_WARN_RANGE_LOOP_ANALYSIS = YES;
				CLANG_WARN_STRICT_PROTOTYPES = YES;
				CLANG_WARN_SUSPICIOUS_MOVE = YES;
				CLANG_WARN_UNGUARDED_AVAILABILITY = YES_AGGRESSIVE;
				CLANG_WARN_UNREACHABLE_CODE = YES;
				CLANG_WARN__DUPLICATE_METHOD_MATCH = YES;
				CODE_SIGN_IDENTITY = "iPhone Developer";
				COPY_PHASE_STRIP = NO;
				DEBUG_INFORMATION_FORMAT = "dwarf-with-dsym";
				ENABLE_NS_ASSERTIONS = NO;
				ENABLE_STRICT_OBJC_MSGSEND = YES;
				GCC_C_LANGUAGE_STANDARD = gnu11;
				GCC_NO_COMMON_BLOCKS = YES;
				GCC_WARN_64_TO_32_BIT_CONVERSION = YES;
				GCC_WARN_ABOUT_RETURN_TYPE = YES_ERROR;
				GCC_WARN_UNDECLARED_SELECTOR = YES;
				GCC_WARN_UNINITIALIZED_AUTOS = YES_AGGRESSIVE;
				GCC_WARN_UNUSED_FUNCTION = YES;
				GCC_WARN_UNUSED_VARIABLE = YES;
				IPHONEOS_DEPLOYMENT_TARGET = 12.2;
				MTL_ENABLE_DEBUG_INFO = NO;
				MTL_FAST_MATH = YES;
				SDKROOT = iphoneos;
				SWIFT_COMPILATION_MODE = wholemodule;
				SWIFT_OPTIMIZATION_LEVEL = "-O";
				VALIDATE_PRODUCT = YES;
			};
			name = Release;
		};
		CC6D6D7D225749F00041ACC2 /* Debug */ = {
			isa = XCBuildConfiguration;
			baseConfigurationReference = E62354E05B48B66C513BC4D8 /* Pods-NYTAPITask.debug.xcconfig */;
			buildSettings = {
				ASSETCATALOG_COMPILER_APPICON_NAME = AppIcon;
				CODE_SIGN_STYLE = Automatic;
				INFOPLIST_FILE = NYTAPITask/Info.plist;
				LD_RUNPATH_SEARCH_PATHS = (
					"$(inherited)",
					"@executable_path/Frameworks",
				);
				PRODUCT_BUNDLE_IDENTIFIER = com.NikhilPatil.NYTAPITask;
				PRODUCT_NAME = "$(TARGET_NAME)";
				SWIFT_VERSION = 5.0;
				TARGETED_DEVICE_FAMILY = "1,2";
			};
			name = Debug;
		};
		CC6D6D7E225749F00041ACC2 /* Release */ = {
			isa = XCBuildConfiguration;
			baseConfigurationReference = B8D2F539581C9C3A5F232DD6 /* Pods-NYTAPITask.release.xcconfig */;
			buildSettings = {
				ASSETCATALOG_COMPILER_APPICON_NAME = AppIcon;
				CODE_SIGN_STYLE = Automatic;
				INFOPLIST_FILE = NYTAPITask/Info.plist;
				LD_RUNPATH_SEARCH_PATHS = (
					"$(inherited)",
					"@executable_path/Frameworks",
				);
				PRODUCT_BUNDLE_IDENTIFIER = com.NikhilPatil.NYTAPITask;
				PRODUCT_NAME = "$(TARGET_NAME)";
				SWIFT_VERSION = 5.0;
				TARGETED_DEVICE_FAMILY = "1,2";
			};
			name = Release;
		};
/* End XCBuildConfiguration section */

/* Begin XCConfigurationList section */
		CC6D6D65225749EE0041ACC2 /* Build configuration list for PBXProject "NYTAPITask" */ = {
			isa = XCConfigurationList;
			buildConfigurations = (
				CC6D6D7A225749F00041ACC2 /* Debug */,
				CC6D6D7B225749F00041ACC2 /* Release */,
			);
			defaultConfigurationIsVisible = 0;
			defaultConfigurationName = Release;
		};
		CC6D6D7C225749F00041ACC2 /* Build configuration list for PBXNativeTarget "NYTAPITask" */ = {
			isa = XCConfigurationList;
			buildConfigurations = (
				CC6D6D7D225749F00041ACC2 /* Debug */,
				CC6D6D7E225749F00041ACC2 /* Release */,
			);
			defaultConfigurationIsVisible = 0;
			defaultConfigurationName = Release;
		};
/* End XCConfigurationList section */
	};
	rootObject = CC6D6D62225749EE0041ACC2 /* Project object */;
}
